// !$*UTF8*$!
{
	archiveVersion = 1;
	classes = {
	};
	objectVersion = 46;
	objects = {

/* Begin PBXBuildFile section */
		340A2F2116D7F75500722520 /* Icon.png in Resources */ = {isa = PBXBuildFile; fileRef = 340A2F2016D7F75500722520 /* Icon.png */; };
		340C70E116F21BA1006DA856 /* AudioToolbox.framework in Frameworks */ = {isa = PBXBuildFile; fileRef = 340C70E016F21BA1006DA856 /* AudioToolbox.framework */; };
		340C70E616F24BE8006DA856 /* ros_video.mm in Sources */ = {isa = PBXBuildFile; fileRef = 340C70E316F24BE8006DA856 /* ros_video.mm */; };
		340C70E716F24BE8006DA856 /* VideoViewController.mm in Sources */ = {isa = PBXBuildFile; fileRef = 340C70E516F24BE8006DA856 /* VideoViewController.mm */; };
		340C70EA16F24C54006DA856 /* ros_logger.mm in Sources */ = {isa = PBXBuildFile; fileRef = 340C70E916F24C54006DA856 /* ros_logger.mm */; };
		340C70ED16F24F44006DA856 /* LoggerViewController.mm in Sources */ = {isa = PBXBuildFile; fileRef = 340C70EC16F24F44006DA856 /* LoggerViewController.mm */; };
		340DB90216F762850021CE62 /* LoggerTableViewCell.m in Sources */ = {isa = PBXBuildFile; fileRef = 340DB90116F762850021CE62 /* LoggerTableViewCell.m */; };
		340DB90516F79D8C0021CE62 /* LoggerPreferencesViewController.m in Sources */ = {isa = PBXBuildFile; fileRef = 340DB90416F79D8C0021CE62 /* LoggerPreferencesViewController.m */; };
		340E32F616D58D300094ABB7 /* JoyViewController.mm in Sources */ = {isa = PBXBuildFile; fileRef = 340E32F516D58D300094ABB7 /* JoyViewController.mm */; };
		340E32F916D5DD130094ABB7 /* ros_joy.mm in Sources */ = {isa = PBXBuildFile; fileRef = 340E32F816D5DD130094ABB7 /* ros_joy.mm */; };
		346F2BD816CBEB1B0018FC3B /* UIKit.framework in Frameworks */ = {isa = PBXBuildFile; fileRef = 346F2BD716CBEB1B0018FC3B /* UIKit.framework */; };
		346F2BDA16CBEB1B0018FC3B /* Foundation.framework in Frameworks */ = {isa = PBXBuildFile; fileRef = 346F2BD916CBEB1B0018FC3B /* Foundation.framework */; };
		346F2BDC16CBEB1B0018FC3B /* CoreGraphics.framework in Frameworks */ = {isa = PBXBuildFile; fileRef = 346F2BDB16CBEB1B0018FC3B /* CoreGraphics.framework */; };
		346F2BE216CBEB1B0018FC3B /* InfoPlist.strings in Resources */ = {isa = PBXBuildFile; fileRef = 346F2BE016CBEB1B0018FC3B /* InfoPlist.strings */; };
		346F2BE416CBEB1B0018FC3B /* main.m in Sources */ = {isa = PBXBuildFile; fileRef = 346F2BE316CBEB1B0018FC3B /* main.m */; };
		346F2BE816CBEB1B0018FC3B /* AppDelegate.m in Sources */ = {isa = PBXBuildFile; fileRef = 346F2BE716CBEB1B0018FC3B /* AppDelegate.m */; };
		346F2BEA16CBEB1B0018FC3B /* Default.png in Resources */ = {isa = PBXBuildFile; fileRef = 346F2BE916CBEB1B0018FC3B /* Default.png */; };
		346F2BEC16CBEB1B0018FC3B /* Default@2x.png in Resources */ = {isa = PBXBuildFile; fileRef = 346F2BEB16CBEB1B0018FC3B /* Default@2x.png */; };
		346F2BEE16CBEB1B0018FC3B /* Default-568h@2x.png in Resources */ = {isa = PBXBuildFile; fileRef = 346F2BED16CBEB1B0018FC3B /* Default-568h@2x.png */; };
		346F2BF116CBEB1B0018FC3B /* MainStoryboard_iPhone.storyboard in Resources */ = {isa = PBXBuildFile; fileRef = 346F2BEF16CBEB1B0018FC3B /* MainStoryboard_iPhone.storyboard */; };
		346F2BF416CBEB1B0018FC3B /* MainStoryboard_iPad.storyboard in Resources */ = {isa = PBXBuildFile; fileRef = 346F2BF216CBEB1B0018FC3B /* MainStoryboard_iPad.storyboard */; };
		346F2BF716CBEB1B0018FC3B /* ViewController.mm in Sources */ = {isa = PBXBuildFile; fileRef = 346F2BF616CBEB1B0018FC3B /* ViewController.mm */; };
		346F2BFE16CBEC090018FC3B /* introlab.png in Resources */ = {isa = PBXBuildFile; fileRef = 346F2BFD16CBEC090018FC3B /* introlab.png */; };
		346F2C0116CBF0F40018FC3B /* ros_planner.mm in Sources */ = {isa = PBXBuildFile; fileRef = 346F2BFF16CBF0F40018FC3B /* ros_planner.mm */; };
		346F2C1216CBF3AE0018FC3B /* MapViewController.mm in Sources */ = {isa = PBXBuildFile; fileRef = 346F2C1116CBF3AE0018FC3B /* MapViewController.mm */; };
		34782BF317037DA7001D271F /* libiconv.2.4.0.dylib in Frameworks */ = {isa = PBXBuildFile; fileRef = 34782BF217037DA7001D271F /* libiconv.2.4.0.dylib */; };
		34782C1B170380A4001D271F /* LoggerLevelTableViewCell.m in Sources */ = {isa = PBXBuildFile; fileRef = 34782C1A170380A4001D271F /* LoggerLevelTableViewCell.m */; };
		34782C27170385B5001D271F /* boost.framework in Frameworks */ = {isa = PBXBuildFile; fileRef = 34782C20170385B5001D271F /* boost.framework */; };
		34782C28170385B5001D271F /* geometry_msgs.framework in Frameworks */ = {isa = PBXBuildFile; fileRef = 34782C21170385B5001D271F /* geometry_msgs.framework */; };
		34782C29170385B5001D271F /* log4cxx.framework in Frameworks */ = {isa = PBXBuildFile; fileRef = 34782C22170385B5001D271F /* log4cxx.framework */; };
		34782C2A170385B5001D271F /* nav_msgs.framework in Frameworks */ = {isa = PBXBuildFile; fileRef = 34782C23170385B5001D271F /* nav_msgs.framework */; };
		34782C2B170385B5001D271F /* ros.framework in Frameworks */ = {isa = PBXBuildFile; fileRef = 34782C24170385B5001D271F /* ros.framework */; };
		34782C2C170385B5001D271F /* sensor_msgs.framework in Frameworks */ = {isa = PBXBuildFile; fileRef = 34782C25170385B5001D271F /* sensor_msgs.framework */; };
		34782C2D170385B5001D271F /* std_msgs.framework in Frameworks */ = {isa = PBXBuildFile; fileRef = 34782C26170385B5001D271F /* std_msgs.framework */; };
		34A2B5C3170493BD00C53723 /* rosgraph_msgs.framework in Frameworks */ = {isa = PBXBuildFile; fileRef = 34A2B5C2170493BD00C53723 /* rosgraph_msgs.framework */; };
		34BFC1D716F7BA1600B1FEC6 /* AccelerometerFilter.m in Sources */ = {isa = PBXBuildFile; fileRef = 34BFC1D416F7BA1600B1FEC6 /* AccelerometerFilter.m */; };
		34BFC1DA16F7BFF800B1FEC6 /* QuartzCore.framework in Frameworks */ = {isa = PBXBuildFile; fileRef = 34BFC1D916F7BFF800B1FEC6 /* QuartzCore.framework */; };
		34BFC1DC16F7C2DD00B1FEC6 /* MessageUI.framework in Frameworks */ = {isa = PBXBuildFile; fileRef = 34BFC1DB16F7C2DD00B1FEC6 /* MessageUI.framework */; };
		34CF3FCF16D82AD300FD4758 /* ros_ios-Info.plist in Resources */ = {isa = PBXBuildFile; fileRef = 34CF3FCE16D82AD300FD4758 /* ros_ios-Info.plist */; };
		34D49EAE16F65DE60089D0AD /* ros_enabled.png in Resources */ = {isa = PBXBuildFile; fileRef = 34D49EAD16F65DE60089D0AD /* ros_enabled.png */; };
		34D49EB116F6AAF70089D0AD /* AccJoyViewController.mm in Sources */ = {isa = PBXBuildFile; fileRef = 34D49EB016F6AAF70089D0AD /* AccJoyViewController.mm */; };
		34FC89A516F9099E007AA9EC /* LoggerLevelTableViewController.m in Sources */ = {isa = PBXBuildFile; fileRef = 34FC89A416F9099E007AA9EC /* LoggerLevelTableViewController.m */; };
		34FC89A816F909C4007AA9EC /* LoggerDetailTableViewController.m in Sources */ = {isa = PBXBuildFile; fileRef = 34FC89A716F909C3007AA9EC /* LoggerDetailTableViewController.m */; };
		34FC89B116F910E7007AA9EC /* Log.m in Sources */ = {isa = PBXBuildFile; fileRef = 34FC89B016F910E7007AA9EC /* Log.m */; };
/* End PBXBuildFile section */

/* Begin PBXFileReference section */
		340A2F2016D7F75500722520 /* Icon.png */ = {isa = PBXFileReference; lastKnownFileType = image.png; path = Icon.png; sourceTree = "<group>"; };
		340A2F2216D809AC00722520 /* ros_joy.h */ = {isa = PBXFileReference; fileEncoding = 4; lastKnownFileType = sourcecode.c.h; path = ros_joy.h; sourceTree = "<group>"; };
		340C70E016F21BA1006DA856 /* AudioToolbox.framework */ = {isa = PBXFileReference; lastKnownFileType = wrapper.framework; name = AudioToolbox.framework; path = System/Library/Frameworks/AudioToolbox.framework; sourceTree = SDKROOT; };
		340C70E216F24BE8006DA856 /* ros_video.h */ = {isa = PBXFileReference; fileEncoding = 4; lastKnownFileType = sourcecode.c.h; path = ros_video.h; sourceTree = "<group>"; };
		340C70E316F24BE8006DA856 /* ros_video.mm */ = {isa = PBXFileReference; fileEncoding = 4; lastKnownFileType = sourcecode.cpp.objcpp; path = ros_video.mm; sourceTree = "<group>"; };
		340C70E416F24BE8006DA856 /* VideoViewController.h */ = {isa = PBXFileReference; fileEncoding = 4; lastKnownFileType = sourcecode.c.h; path = VideoViewController.h; sourceTree = "<group>"; };
		340C70E516F24BE8006DA856 /* VideoViewController.mm */ = {isa = PBXFileReference; fileEncoding = 4; lastKnownFileType = sourcecode.cpp.objcpp; path = VideoViewController.mm; sourceTree = "<group>"; };
		340C70E816F24C54006DA856 /* ros_logger.h */ = {isa = PBXFileReference; fileEncoding = 4; lastKnownFileType = sourcecode.c.h; path = ros_logger.h; sourceTree = "<group>"; };
		340C70E916F24C54006DA856 /* ros_logger.mm */ = {isa = PBXFileReference; fileEncoding = 4; lastKnownFileType = sourcecode.cpp.objcpp; path = ros_logger.mm; sourceTree = "<group>"; };
		340C70EB16F24F44006DA856 /* LoggerViewController.h */ = {isa = PBXFileReference; fileEncoding = 4; lastKnownFileType = sourcecode.c.h; path = LoggerViewController.h; sourceTree = "<group>"; };
		340C70EC16F24F44006DA856 /* LoggerViewController.mm */ = {isa = PBXFileReference; fileEncoding = 4; lastKnownFileType = sourcecode.cpp.objcpp; path = LoggerViewController.mm; sourceTree = "<group>"; };
		340DB90016F762850021CE62 /* LoggerTableViewCell.h */ = {isa = PBXFileReference; fileEncoding = 4; lastKnownFileType = sourcecode.c.h; path = LoggerTableViewCell.h; sourceTree = "<group>"; };
		340DB90116F762850021CE62 /* LoggerTableViewCell.m */ = {isa = PBXFileReference; fileEncoding = 4; lastKnownFileType = sourcecode.c.objc; path = LoggerTableViewCell.m; sourceTree = "<group>"; };
		340DB90316F79D8C0021CE62 /* LoggerPreferencesViewController.h */ = {isa = PBXFileReference; fileEncoding = 4; lastKnownFileType = sourcecode.c.h; path = LoggerPreferencesViewController.h; sourceTree = "<group>"; };
		340DB90416F79D8C0021CE62 /* LoggerPreferencesViewController.m */ = {isa = PBXFileReference; fileEncoding = 4; lastKnownFileType = sourcecode.c.objc; path = LoggerPreferencesViewController.m; sourceTree = "<group>"; };
		340DD67916DD5B440047B121 /* ConvertGoalOnMap.h */ = {isa = PBXFileReference; fileEncoding = 4; lastKnownFileType = sourcecode.c.h; path = ConvertGoalOnMap.h; sourceTree = "<group>"; };
		340E32F416D58D300094ABB7 /* JoyViewController.h */ = {isa = PBXFileReference; fileEncoding = 4; lastKnownFileType = sourcecode.c.h; path = JoyViewController.h; sourceTree = "<group>"; };
		340E32F516D58D300094ABB7 /* JoyViewController.mm */ = {isa = PBXFileReference; fileEncoding = 4; lastKnownFileType = sourcecode.cpp.objcpp; path = JoyViewController.mm; sourceTree = "<group>"; };
		340E32F816D5DD130094ABB7 /* ros_joy.mm */ = {isa = PBXFileReference; fileEncoding = 4; lastKnownFileType = sourcecode.cpp.objcpp; path = ros_joy.mm; sourceTree = "<group>"; };
		3413FA3816FA0CD4000FC5A7 /* LoggerLevelTableViewCell.h */ = {isa = PBXFileReference; fileEncoding = 4; lastKnownFileType = sourcecode.c.h; path = LoggerLevelTableViewCell.h; sourceTree = "<group>"; };
		341F1B7616D554F70013D217 /* CheckGoalOnMap.h */ = {isa = PBXFileReference; fileEncoding = 4; lastKnownFileType = sourcecode.c.h; path = CheckGoalOnMap.h; sourceTree = "<group>"; };
		346F2BD416CBEB1B0018FC3B /* ros_ios.app */ = {isa = PBXFileReference; explicitFileType = wrapper.application; includeInIndex = 0; path = ros_ios.app; sourceTree = BUILT_PRODUCTS_DIR; };
		346F2BD716CBEB1B0018FC3B /* UIKit.framework */ = {isa = PBXFileReference; lastKnownFileType = wrapper.framework; name = UIKit.framework; path = System/Library/Frameworks/UIKit.framework; sourceTree = SDKROOT; };
		346F2BD916CBEB1B0018FC3B /* Foundation.framework */ = {isa = PBXFileReference; lastKnownFileType = wrapper.framework; name = Foundation.framework; path = System/Library/Frameworks/Foundation.framework; sourceTree = SDKROOT; };
		346F2BDB16CBEB1B0018FC3B /* CoreGraphics.framework */ = {isa = PBXFileReference; lastKnownFileType = wrapper.framework; name = CoreGraphics.framework; path = System/Library/Frameworks/CoreGraphics.framework; sourceTree = SDKROOT; };
		346F2BDF16CBEB1B0018FC3B /* ros_ios-Prefix.pch */ = {isa = PBXFileReference; lastKnownFileType = sourcecode.c.h; path = "ros_ios-Prefix.pch"; sourceTree = "<group>"; };
		346F2BE116CBEB1B0018FC3B /* en */ = {isa = PBXFileReference; lastKnownFileType = text.plist.strings; name = en; path = en.lproj/InfoPlist.strings; sourceTree = "<group>"; };
		346F2BE316CBEB1B0018FC3B /* main.m */ = {isa = PBXFileReference; lastKnownFileType = sourcecode.c.objc; path = main.m; sourceTree = "<group>"; };
		346F2BE516CBEB1B0018FC3B /* ros_ios-Prefix.pch */ = {isa = PBXFileReference; lastKnownFileType = sourcecode.c.h; path = "ros_ios-Prefix.pch"; sourceTree = "<group>"; };
		346F2BE616CBEB1B0018FC3B /* AppDelegate.h */ = {isa = PBXFileReference; lastKnownFileType = sourcecode.c.h; path = AppDelegate.h; sourceTree = "<group>"; };
		346F2BE716CBEB1B0018FC3B /* AppDelegate.m */ = {isa = PBXFileReference; lastKnownFileType = sourcecode.c.objc; path = AppDelegate.m; sourceTree = "<group>"; };
		346F2BE916CBEB1B0018FC3B /* Default.png */ = {isa = PBXFileReference; lastKnownFileType = image.png; path = Default.png; sourceTree = "<group>"; };
		346F2BEB16CBEB1B0018FC3B /* Default@2x.png */ = {isa = PBXFileReference; lastKnownFileType = image.png; path = "Default@2x.png"; sourceTree = "<group>"; };
		346F2BED16CBEB1B0018FC3B /* Default-568h@2x.png */ = {isa = PBXFileReference; lastKnownFileType = image.png; path = "Default-568h@2x.png"; sourceTree = "<group>"; };
		346F2BF016CBEB1B0018FC3B /* en */ = {isa = PBXFileReference; lastKnownFileType = file.storyboard; name = en; path = en.lproj/MainStoryboard_iPhone.storyboard; sourceTree = "<group>"; };
		346F2BF316CBEB1B0018FC3B /* en */ = {isa = PBXFileReference; lastKnownFileType = file.storyboard; name = en; path = en.lproj/MainStoryboard_iPad.storyboard; sourceTree = "<group>"; };
		346F2BF516CBEB1B0018FC3B /* ViewController.h */ = {isa = PBXFileReference; lastKnownFileType = sourcecode.c.h; path = ViewController.h; sourceTree = "<group>"; };
		346F2BF616CBEB1B0018FC3B /* ViewController.mm */ = {isa = PBXFileReference; lastKnownFileType = sourcecode.cpp.objcpp; path = ViewController.mm; sourceTree = "<group>"; };
		346F2BFD16CBEC090018FC3B /* introlab.png */ = {isa = PBXFileReference; lastKnownFileType = image.png; path = introlab.png; sourceTree = "<group>"; };
		346F2BFF16CBF0F40018FC3B /* ros_planner.mm */ = {isa = PBXFileReference; fileEncoding = 4; lastKnownFileType = sourcecode.cpp.objcpp; path = ros_planner.mm; sourceTree = "<group>"; };
		346F2C0016CBF0F40018FC3B /* ros_planner.h */ = {isa = PBXFileReference; fileEncoding = 4; lastKnownFileType = sourcecode.c.h; path = ros_planner.h; sourceTree = "<group>"; };
		346F2C1016CBF3AE0018FC3B /* MapViewController.h */ = {isa = PBXFileReference; fileEncoding = 4; lastKnownFileType = sourcecode.c.h; path = MapViewController.h; sourceTree = "<group>"; };
		346F2C1116CBF3AE0018FC3B /* MapViewController.mm */ = {isa = PBXFileReference; fileEncoding = 4; lastKnownFileType = sourcecode.cpp.objcpp; path = MapViewController.mm; sourceTree = "<group>"; };
		34782BF217037DA7001D271F /* libiconv.2.4.0.dylib */ = {isa = PBXFileReference; lastKnownFileType = "compiled.mach-o.dylib"; name = libiconv.2.4.0.dylib; path = usr/lib/libiconv.2.4.0.dylib; sourceTree = SDKROOT; };
		34782C1A170380A4001D271F /* LoggerLevelTableViewCell.m */ = {isa = PBXFileReference; fileEncoding = 4; lastKnownFileType = sourcecode.c.objc; path = LoggerLevelTableViewCell.m; sourceTree = "<group>"; };
		34782C20170385B5001D271F /* boost.framework */ = {isa = PBXFileReference; lastKnownFileType = wrapper.framework; name = boost.framework; path = ../../ros/frameworks/boost.framework; sourceTree = "<group>"; };
		34782C21170385B5001D271F /* geometry_msgs.framework */ = {isa = PBXFileReference; lastKnownFileType = wrapper.framework; name = geometry_msgs.framework; path = ../../ros/frameworks/geometry_msgs.framework; sourceTree = "<group>"; };
		34782C22170385B5001D271F /* log4cxx.framework */ = {isa = PBXFileReference; lastKnownFileType = wrapper.framework; name = log4cxx.framework; path = ../../ros/frameworks/log4cxx.framework; sourceTree = "<group>"; };
		34782C23170385B5001D271F /* nav_msgs.framework */ = {isa = PBXFileReference; lastKnownFileType = wrapper.framework; name = nav_msgs.framework; path = ../../ros/frameworks/nav_msgs.framework; sourceTree = "<group>"; };
		34782C24170385B5001D271F /* ros.framework */ = {isa = PBXFileReference; lastKnownFileType = wrapper.framework; name = ros.framework; path = ../../ros/frameworks/ros.framework; sourceTree = "<group>"; };
		34782C25170385B5001D271F /* sensor_msgs.framework */ = {isa = PBXFileReference; lastKnownFileType = wrapper.framework; name = sensor_msgs.framework; path = ../../ros/frameworks/sensor_msgs.framework; sourceTree = "<group>"; };
		34782C26170385B5001D271F /* std_msgs.framework */ = {isa = PBXFileReference; lastKnownFileType = wrapper.framework; name = std_msgs.framework; path = ../../ros/frameworks/std_msgs.framework; sourceTree = "<group>"; };
		34A2B5C2170493BD00C53723 /* rosgraph_msgs.framework */ = {isa = PBXFileReference; lastKnownFileType = wrapper.framework; name = rosgraph_msgs.framework; path = ../../ros/frameworks/rosgraph_msgs.framework; sourceTree = "<group>"; };
		34BFC1D316F7BA1600B1FEC6 /* AccelerometerFilter.h */ = {isa = PBXFileReference; fileEncoding = 4; lastKnownFileType = sourcecode.c.h; path = AccelerometerFilter.h; sourceTree = "<group>"; };
		34BFC1D416F7BA1600B1FEC6 /* AccelerometerFilter.m */ = {isa = PBXFileReference; fileEncoding = 4; lastKnownFileType = sourcecode.c.objc; path = AccelerometerFilter.m; sourceTree = "<group>"; };
		34BFC1D916F7BFF800B1FEC6 /* QuartzCore.framework */ = {isa = PBXFileReference; lastKnownFileType = wrapper.framework; name = QuartzCore.framework; path = System/Library/Frameworks/QuartzCore.framework; sourceTree = SDKROOT; };
		34BFC1DB16F7C2DD00B1FEC6 /* MessageUI.framework */ = {isa = PBXFileReference; lastKnownFileType = wrapper.framework; name = MessageUI.framework; path = System/Library/Frameworks/MessageUI.framework; sourceTree = SDKROOT; };
		34CF3FCE16D82AD300FD4758 /* ros_ios-Info.plist */ = {isa = PBXFileReference; fileEncoding = 4; lastKnownFileType = text.plist.xml; path = "ros_ios-Info.plist"; sourceTree = "<group>"; };
		34D49EAD16F65DE60089D0AD /* ros_enabled.png */ = {isa = PBXFileReference; lastKnownFileType = image.png; path = ros_enabled.png; sourceTree = "<group>"; };
		34D49EAF16F6AAF70089D0AD /* AccJoyViewController.h */ = {isa = PBXFileReference; fileEncoding = 4; lastKnownFileType = sourcecode.c.h; path = AccJoyViewController.h; sourceTree = "<group>"; };
		34D49EB016F6AAF70089D0AD /* AccJoyViewController.mm */ = {isa = PBXFileReference; fileEncoding = 4; lastKnownFileType = sourcecode.cpp.objcpp; path = AccJoyViewController.mm; sourceTree = "<group>"; };
		34FC89A316F9099E007AA9EC /* LoggerLevelTableViewController.h */ = {isa = PBXFileReference; fileEncoding = 4; lastKnownFileType = sourcecode.c.h; path = LoggerLevelTableViewController.h; sourceTree = "<group>"; };
		34FC89A416F9099E007AA9EC /* LoggerLevelTableViewController.m */ = {isa = PBXFileReference; fileEncoding = 4; lastKnownFileType = sourcecode.c.objc; path = LoggerLevelTableViewController.m; sourceTree = "<group>"; };
		34FC89A616F909C3007AA9EC /* LoggerDetailTableViewController.h */ = {isa = PBXFileReference; fileEncoding = 4; lastKnownFileType = sourcecode.c.h; path = LoggerDetailTableViewController.h; sourceTree = "<group>"; };
		34FC89A716F909C3007AA9EC /* LoggerDetailTableViewController.m */ = {isa = PBXFileReference; fileEncoding = 4; lastKnownFileType = sourcecode.c.objc; path = LoggerDetailTableViewController.m; sourceTree = "<group>"; };
		34FC89AF16F910E7007AA9EC /* Log.h */ = {isa = PBXFileReference; fileEncoding = 4; lastKnownFileType = sourcecode.c.h; path = Log.h; sourceTree = "<group>"; };
		34FC89B016F910E7007AA9EC /* Log.m */ = {isa = PBXFileReference; fileEncoding = 4; lastKnownFileType = sourcecode.c.objc; path = Log.m; sourceTree = "<group>"; };
/* End PBXFileReference section */

/* Begin PBXFrameworksBuildPhase section */
		346F2BD116CBEB1B0018FC3B /* Frameworks */ = {
			isa = PBXFrameworksBuildPhase;
			buildActionMask = 2147483647;
			files = (
				34A2B5C3170493BD00C53723 /* rosgraph_msgs.framework in Frameworks */,
				34782C27170385B5001D271F /* boost.framework in Frameworks */,
				34782C28170385B5001D271F /* geometry_msgs.framework in Frameworks */,
				34782C29170385B5001D271F /* log4cxx.framework in Frameworks */,
				34782C2A170385B5001D271F /* nav_msgs.framework in Frameworks */,
				34782C2B170385B5001D271F /* ros.framework in Frameworks */,
				34782C2C170385B5001D271F /* sensor_msgs.framework in Frameworks */,
				34782C2D170385B5001D271F /* std_msgs.framework in Frameworks */,
				34782BF317037DA7001D271F /* libiconv.2.4.0.dylib in Frameworks */,
				34BFC1DC16F7C2DD00B1FEC6 /* MessageUI.framework in Frameworks */,
				34BFC1DA16F7BFF800B1FEC6 /* QuartzCore.framework in Frameworks */,
				340C70E116F21BA1006DA856 /* AudioToolbox.framework in Frameworks */,
				346F2BD816CBEB1B0018FC3B /* UIKit.framework in Frameworks */,
				346F2BDA16CBEB1B0018FC3B /* Foundation.framework in Frameworks */,
				346F2BDC16CBEB1B0018FC3B /* CoreGraphics.framework in Frameworks */,
			);
			runOnlyForDeploymentPostprocessing = 0;
		};
/* End PBXFrameworksBuildPhase section */

/* Begin PBXGroup section */
		346F2BCB16CBEB1B0018FC3B = {
			isa = PBXGroup;
			children = (
				34A2B5C2170493BD00C53723 /* rosgraph_msgs.framework */,
				34782C20170385B5001D271F /* boost.framework */,
				34782C21170385B5001D271F /* geometry_msgs.framework */,
				34782C22170385B5001D271F /* log4cxx.framework */,
				34782C23170385B5001D271F /* nav_msgs.framework */,
				34782C24170385B5001D271F /* ros.framework */,
				34782C25170385B5001D271F /* sensor_msgs.framework */,
				34782C26170385B5001D271F /* std_msgs.framework */,
				34782BF217037DA7001D271F /* libiconv.2.4.0.dylib */,
				346F2BDD16CBEB1B0018FC3B /* ros_ios */,
				346F2BD616CBEB1B0018FC3B /* Frameworks */,
				346F2BD516CBEB1B0018FC3B /* Products */,
			);
			sourceTree = "<group>";
		};
		346F2BD516CBEB1B0018FC3B /* Products */ = {
			isa = PBXGroup;
			children = (
				346F2BD416CBEB1B0018FC3B /* ros_ios.app */,
			);
			name = Products;
			sourceTree = "<group>";
		};
		346F2BD616CBEB1B0018FC3B /* Frameworks */ = {
			isa = PBXGroup;
			children = (
				340C70E016F21BA1006DA856 /* AudioToolbox.framework */,
				34BFC1D916F7BFF800B1FEC6 /* QuartzCore.framework */,
				346F2BD716CBEB1B0018FC3B /* UIKit.framework */,
				34BFC1DB16F7C2DD00B1FEC6 /* MessageUI.framework */,
				346F2BD916CBEB1B0018FC3B /* Foundation.framework */,
				346F2BDB16CBEB1B0018FC3B /* CoreGraphics.framework */,
			);
			name = Frameworks;
			sourceTree = "<group>";
		};
		346F2BDD16CBEB1B0018FC3B /* ros_ios */ = {
			isa = PBXGroup;
			children = (
				34BFC1D316F7BA1600B1FEC6 /* AccelerometerFilter.h */,
				34BFC1D416F7BA1600B1FEC6 /* AccelerometerFilter.m */,
				34D49EAF16F6AAF70089D0AD /* AccJoyViewController.h */,
				34D49EB016F6AAF70089D0AD /* AccJoyViewController.mm */,
				340E32F416D58D300094ABB7 /* JoyViewController.h */,
				340E32F516D58D300094ABB7 /* JoyViewController.mm */,
				340A2F2216D809AC00722520 /* ros_joy.h */,
				340E32F816D5DD130094ABB7 /* ros_joy.mm */,
				340C70EB16F24F44006DA856 /* LoggerViewController.h */,
				340C70EC16F24F44006DA856 /* LoggerViewController.mm */,
				340DB90016F762850021CE62 /* LoggerTableViewCell.h */,
				340DB90116F762850021CE62 /* LoggerTableViewCell.m */,
				34FC89A316F9099E007AA9EC /* LoggerLevelTableViewController.h */,
				34FC89A416F9099E007AA9EC /* LoggerLevelTableViewController.m */,
				3413FA3816FA0CD4000FC5A7 /* LoggerLevelTableViewCell.h */,
				34782C1A170380A4001D271F /* LoggerLevelTableViewCell.m */,
				34FC89A616F909C3007AA9EC /* LoggerDetailTableViewController.h */,
				34FC89A716F909C3007AA9EC /* LoggerDetailTableViewController.m */,
				340DB90316F79D8C0021CE62 /* LoggerPreferencesViewController.h */,
				340DB90416F79D8C0021CE62 /* LoggerPreferencesViewController.m */,
				34FC89AF16F910E7007AA9EC /* Log.h */,
				34FC89B016F910E7007AA9EC /* Log.m */,
				340C70E816F24C54006DA856 /* ros_logger.h */,
				340C70E916F24C54006DA856 /* ros_logger.mm */,
				340DD67916DD5B440047B121 /* ConvertGoalOnMap.h */,
				341F1B7616D554F70013D217 /* CheckGoalOnMap.h */,
				346F2C1016CBF3AE0018FC3B /* MapViewController.h */,
				346F2C1116CBF3AE0018FC3B /* MapViewController.mm */,
				346F2C0016CBF0F40018FC3B /* ros_planner.h */,
				346F2BFF16CBF0F40018FC3B /* ros_planner.mm */,
				340C70E416F24BE8006DA856 /* VideoViewController.h */,
				340C70E516F24BE8006DA856 /* VideoViewController.mm */,
				340C70E216F24BE8006DA856 /* ros_video.h */,
				340C70E316F24BE8006DA856 /* ros_video.mm */,
				346F2BE616CBEB1B0018FC3B /* AppDelegate.h */,
				346F2BE716CBEB1B0018FC3B /* AppDelegate.m */,
				346F2BEF16CBEB1B0018FC3B /* MainStoryboard_iPhone.storyboard */,
				346F2BF216CBEB1B0018FC3B /* MainStoryboard_iPad.storyboard */,
				346F2BF516CBEB1B0018FC3B /* ViewController.h */,
				346F2BF616CBEB1B0018FC3B /* ViewController.mm */,
				346F2BDE16CBEB1B0018FC3B /* Supporting Files */,
			);
			path = ros_ios;
			sourceTree = "<group>";
		};
		346F2BDE16CBEB1B0018FC3B /* Supporting Files */ = {
			isa = PBXGroup;
			children = (
				34CF3FCE16D82AD300FD4758 /* ros_ios-Info.plist */,
				340A2F2016D7F75500722520 /* Icon.png */,
				346F2BFD16CBEC090018FC3B /* introlab.png */,
				34D49EAD16F65DE60089D0AD /* ros_enabled.png */,
				346F2BDF16CBEB1B0018FC3B /* ros_ios-Prefix.pch */,
				346F2BE016CBEB1B0018FC3B /* InfoPlist.strings */,
				346F2BE316CBEB1B0018FC3B /* main.m */,
				346F2BE516CBEB1B0018FC3B /* ros_ios-Prefix.pch */,
				346F2BE916CBEB1B0018FC3B /* Default.png */,
				346F2BEB16CBEB1B0018FC3B /* Default@2x.png */,
				346F2BED16CBEB1B0018FC3B /* Default-568h@2x.png */,
			);
			name = "Supporting Files";
			sourceTree = "<group>";
		};
/* End PBXGroup section */

/* Begin PBXNativeTarget section */
		346F2BD316CBEB1B0018FC3B /* ros_ios */ = {
			isa = PBXNativeTarget;
			buildConfigurationList = 346F2BFA16CBEB1B0018FC3B /* Build configuration list for PBXNativeTarget "ros_ios" */;
			buildPhases = (
				346F2BD016CBEB1B0018FC3B /* Sources */,
				346F2BD116CBEB1B0018FC3B /* Frameworks */,
				346F2BD216CBEB1B0018FC3B /* Resources */,
			);
			buildRules = (
			);
			dependencies = (
			);
			name = ros_ios;
			productName = ros_planner;
			productReference = 346F2BD416CBEB1B0018FC3B /* ros_ios.app */;
			productType = "com.apple.product-type.application";
		};
/* End PBXNativeTarget section */

/* Begin PBXProject section */
		346F2BCC16CBEB1B0018FC3B /* Project object */ = {
			isa = PBXProject;
			attributes = {
				LastUpgradeCheck = 0460;
				ORGANIZATIONNAME = "Ronan Chauvin";
			};
			buildConfigurationList = 346F2BCF16CBEB1B0018FC3B /* Build configuration list for PBXProject "ros_ios" */;
			compatibilityVersion = "Xcode 3.2";
			developmentRegion = English;
			hasScannedForEncodings = 0;
			knownRegions = (
				en,
			);
			mainGroup = 346F2BCB16CBEB1B0018FC3B;
			productRefGroup = 346F2BD516CBEB1B0018FC3B /* Products */;
			projectDirPath = "";
			projectRoot = "";
			targets = (
				346F2BD316CBEB1B0018FC3B /* ros_ios */,
			);
		};
/* End PBXProject section */

/* Begin PBXResourcesBuildPhase section */
		346F2BD216CBEB1B0018FC3B /* Resources */ = {
			isa = PBXResourcesBuildPhase;
			buildActionMask = 2147483647;
			files = (
				346F2BE216CBEB1B0018FC3B /* InfoPlist.strings in Resources */,
				346F2BEA16CBEB1B0018FC3B /* Default.png in Resources */,
				346F2BEC16CBEB1B0018FC3B /* Default@2x.png in Resources */,
				346F2BEE16CBEB1B0018FC3B /* Default-568h@2x.png in Resources */,
				346F2BF116CBEB1B0018FC3B /* MainStoryboard_iPhone.storyboard in Resources */,
				346F2BF416CBEB1B0018FC3B /* MainStoryboard_iPad.storyboard in Resources */,
				346F2BFE16CBEC090018FC3B /* introlab.png in Resources */,
				340A2F2116D7F75500722520 /* Icon.png in Resources */,
				34CF3FCF16D82AD300FD4758 /* ros_ios-Info.plist in Resources */,
				34D49EAE16F65DE60089D0AD /* ros_enabled.png in Resources */,
			);
			runOnlyForDeploymentPostprocessing = 0;
		};
/* End PBXResourcesBuildPhase section */

/* Begin PBXSourcesBuildPhase section */
		346F2BD016CBEB1B0018FC3B /* Sources */ = {
			isa = PBXSourcesBuildPhase;
			buildActionMask = 2147483647;
			files = (
				346F2BE416CBEB1B0018FC3B /* main.m in Sources */,
				346F2BE816CBEB1B0018FC3B /* AppDelegate.m in Sources */,
				346F2BF716CBEB1B0018FC3B /* ViewController.mm in Sources */,
				346F2C0116CBF0F40018FC3B /* ros_planner.mm in Sources */,
				346F2C1216CBF3AE0018FC3B /* MapViewController.mm in Sources */,
				340E32F616D58D300094ABB7 /* JoyViewController.mm in Sources */,
				340E32F916D5DD130094ABB7 /* ros_joy.mm in Sources */,
				340C70E616F24BE8006DA856 /* ros_video.mm in Sources */,
				340C70E716F24BE8006DA856 /* VideoViewController.mm in Sources */,
				340C70EA16F24C54006DA856 /* ros_logger.mm in Sources */,
				340C70ED16F24F44006DA856 /* LoggerViewController.mm in Sources */,
				34D49EB116F6AAF70089D0AD /* AccJoyViewController.mm in Sources */,
				340DB90216F762850021CE62 /* LoggerTableViewCell.m in Sources */,
				340DB90516F79D8C0021CE62 /* LoggerPreferencesViewController.m in Sources */,
				34BFC1D716F7BA1600B1FEC6 /* AccelerometerFilter.m in Sources */,
				34FC89A516F9099E007AA9EC /* LoggerLevelTableViewController.m in Sources */,
				34FC89A816F909C4007AA9EC /* LoggerDetailTableViewController.m in Sources */,
				34FC89B116F910E7007AA9EC /* Log.m in Sources */,
				34782C1B170380A4001D271F /* LoggerLevelTableViewCell.m in Sources */,
			);
			runOnlyForDeploymentPostprocessing = 0;
		};
/* End PBXSourcesBuildPhase section */

/* Begin PBXVariantGroup section */
		346F2BE016CBEB1B0018FC3B /* InfoPlist.strings */ = {
			isa = PBXVariantGroup;
			children = (
				346F2BE116CBEB1B0018FC3B /* en */,
			);
			name = InfoPlist.strings;
			sourceTree = "<group>";
		};
		346F2BEF16CBEB1B0018FC3B /* MainStoryboard_iPhone.storyboard */ = {
			isa = PBXVariantGroup;
			children = (
				346F2BF016CBEB1B0018FC3B /* en */,
			);
			name = MainStoryboard_iPhone.storyboard;
			sourceTree = "<group>";
		};
		346F2BF216CBEB1B0018FC3B /* MainStoryboard_iPad.storyboard */ = {
			isa = PBXVariantGroup;
			children = (
				346F2BF316CBEB1B0018FC3B /* en */,
			);
			name = MainStoryboard_iPad.storyboard;
			sourceTree = "<group>";
		};
/* End PBXVariantGroup section */

/* Begin XCBuildConfiguration section */
		346F2BF816CBEB1B0018FC3B /* Debug */ = {
			isa = XCBuildConfiguration;
			buildSettings = {
				ALWAYS_SEARCH_USER_PATHS = NO;
				CLANG_CXX_LANGUAGE_STANDARD = "compiler-default";
				CLANG_CXX_LIBRARY = "compiler-default";
				CLANG_ENABLE_OBJC_ARC = YES;
				CLANG_WARN_CONSTANT_CONVERSION = YES;
				CLANG_WARN_EMPTY_BODY = YES;
				CLANG_WARN_ENUM_CONVERSION = YES;
				CLANG_WARN_INT_CONVERSION = YES;
				CLANG_WARN__DUPLICATE_METHOD_MATCH = YES;
				"CODE_SIGN_IDENTITY[sdk=iphoneos*]" = "iPhone Developer";
				COPY_PHASE_STRIP = NO;
				GCC_C_LANGUAGE_STANDARD = "compiler-default";
				GCC_DYNAMIC_NO_PIC = NO;
				GCC_OPTIMIZATION_LEVEL = 0;
				GCC_PREPROCESSOR_DEFINITIONS = (
					"DEBUG=1",
					"$(inherited)",
				);
				GCC_SYMBOLS_PRIVATE_EXTERN = NO;
				GCC_WARN_ABOUT_RETURN_TYPE = YES;
				GCC_WARN_UNINITIALIZED_AUTOS = YES;
				GCC_WARN_UNUSED_VARIABLE = YES;
				IPHONEOS_DEPLOYMENT_TARGET = 6.1;
				ONLY_ACTIVE_ARCH = YES;
				SDKROOT = iphoneos;
				TARGETED_DEVICE_FAMILY = "1,2";
			};
			name = Debug;
		};
		346F2BF916CBEB1B0018FC3B /* Release */ = {
			isa = XCBuildConfiguration;
			buildSettings = {
				ALWAYS_SEARCH_USER_PATHS = NO;
				CLANG_CXX_LANGUAGE_STANDARD = "compiler-default";
				CLANG_CXX_LIBRARY = "compiler-default";
				CLANG_ENABLE_OBJC_ARC = YES;
				CLANG_WARN_CONSTANT_CONVERSION = YES;
				CLANG_WARN_EMPTY_BODY = YES;
				CLANG_WARN_ENUM_CONVERSION = YES;
				CLANG_WARN_INT_CONVERSION = YES;
				CLANG_WARN__DUPLICATE_METHOD_MATCH = YES;
				"CODE_SIGN_IDENTITY[sdk=iphoneos*]" = "iPhone Developer";
				COPY_PHASE_STRIP = YES;
				GCC_C_LANGUAGE_STANDARD = "compiler-default";
				GCC_WARN_ABOUT_RETURN_TYPE = YES;
				GCC_WARN_UNINITIALIZED_AUTOS = YES;
				GCC_WARN_UNUSED_VARIABLE = YES;
				IPHONEOS_DEPLOYMENT_TARGET = 6.1;
				OTHER_CFLAGS = "-DNS_BLOCK_ASSERTIONS=1";
				SDKROOT = iphoneos;
				TARGETED_DEVICE_FAMILY = "1,2";
				VALIDATE_PRODUCT = YES;
			};
			name = Release;
		};
		346F2BFB16CBEB1B0018FC3B /* Debug */ = {
			isa = XCBuildConfiguration;
			buildSettings = {
				CLANG_CXX_LANGUAGE_STANDARD = "compiler-default";
				CLANG_CXX_LIBRARY = "libc++";
				FRAMEWORK_SEARCH_PATHS = (
					"$(inherited)",
					"\"$(SRCROOT)/../../ros/frameworks\"",
					"\"$(SRCROOT)/../../../Documents/Xcode_workspace/frameworks\"",
				);
				GCC_C_LANGUAGE_STANDARD = "compiler-default";
				GCC_PRECOMPILE_PREFIX_HEADER = YES;
				GCC_PREFIX_HEADER = "ros_ios/ros_ios-Prefix.pch";
				INFOPLIST_FILE = "ros_ios/ros_ios-Info.plist";
				PRODUCT_NAME = ros_ios;
				WRAPPER_EXTENSION = app;
			};
			name = Debug;
		};
		346F2BFC16CBEB1B0018FC3B /* Release */ = {
			isa = XCBuildConfiguration;
			buildSettings = {
				CLANG_CXX_LANGUAGE_STANDARD = "compiler-default";
				CLANG_CXX_LIBRARY = "libc++";
				FRAMEWORK_SEARCH_PATHS = (
					"$(inherited)",
					"\"$(SRCROOT)/../../ros/frameworks\"",
					"\"$(SRCROOT)/../../../Documents/Xcode_workspace/frameworks\"",
				);
				GCC_C_LANGUAGE_STANDARD = "compiler-default";
				GCC_PRECOMPILE_PREFIX_HEADER = YES;
				GCC_PREFIX_HEADER = "ros_ios/ros_ios-Prefix.pch";
				INFOPLIST_FILE = "ros_ios/ros_ios-Info.plist";
				PRODUCT_NAME = ros_ios;
				WRAPPER_EXTENSION = app;
			};
			name = Release;
		};
/* End XCBuildConfiguration section */

/* Begin XCConfigurationList section */
		346F2BCF16CBEB1B0018FC3B /* Build configuration list for PBXProject "ros_ios" */ = {
			isa = XCConfigurationList;
			buildConfigurations = (
				346F2BF816CBEB1B0018FC3B /* Debug */,
				346F2BF916CBEB1B0018FC3B /* Release */,
			);
			defaultConfigurationIsVisible = 0;
			defaultConfigurationName = Release;
		};
		346F2BFA16CBEB1B0018FC3B /* Build configuration list for PBXNativeTarget "ros_ios" */ = {
			isa = XCConfigurationList;
			buildConfigurations = (
				346F2BFB16CBEB1B0018FC3B /* Debug */,
				346F2BFC16CBEB1B0018FC3B /* Release */,
			);
			defaultConfigurationIsVisible = 0;
			defaultConfigurationName = Release;
		};
/* End XCConfigurationList section */
	};
	rootObject = 346F2BCC16CBEB1B0018FC3B /* Project object */;
}
